// !$*UTF8*$!
{
	archiveVersion = 1;
	classes = {
	};
	objectVersion = 50;
	objects = {

/* Begin PBXBuildFile section */
		A99C44B624F8E8C600459219 /* AppDelegate.swift in Sources */ = {isa = PBXBuildFile; fileRef = A99C44B524F8E8C600459219 /* AppDelegate.swift */; };
		A99C44B824F8E8C600459219 /* SceneDelegate.swift in Sources */ = {isa = PBXBuildFile; fileRef = A99C44B724F8E8C600459219 /* SceneDelegate.swift */; };
		A99C44BA24F8E8C600459219 /* ContentView.swift in Sources */ = {isa = PBXBuildFile; fileRef = A99C44B924F8E8C600459219 /* ContentView.swift */; };
		A99C44BC24F8E8C900459219 /* Assets.xcassets in Resources */ = {isa = PBXBuildFile; fileRef = A99C44BB24F8E8C900459219 /* Assets.xcassets */; };
		A99C44BF24F8E8C900459219 /* Preview Assets.xcassets in Resources */ = {isa = PBXBuildFile; fileRef = A99C44BE24F8E8C900459219 /* Preview Assets.xcassets */; };
		A99C44C224F8E8CA00459219 /* LaunchScreen.storyboard in Resources */ = {isa = PBXBuildFile; fileRef = A99C44C024F8E8CA00459219 /* LaunchScreen.storyboard */; };
		A99C44CA24F98B3800459219 /* GlossaryList.swift in Sources */ = {isa = PBXBuildFile; fileRef = A99C44C924F98B3800459219 /* GlossaryList.swift */; };
/* End PBXBuildFile section */

/* Begin PBXFileReference section */
		A99C44B224F8E8C600459219 /* iGlossary.app */ = {isa = PBXFileReference; explicitFileType = wrapper.application; includeInIndex = 0; path = iGlossary.app; sourceTree = BUILT_PRODUCTS_DIR; };
		A99C44B524F8E8C600459219 /* AppDelegate.swift */ = {isa = PBXFileReference; lastKnownFileType = sourcecode.swift; path = AppDelegate.swift; sourceTree = "<group>"; };
		A99C44B724F8E8C600459219 /* SceneDelegate.swift */ = {isa = PBXFileReference; lastKnownFileType = sourcecode.swift; path = SceneDelegate.swift; sourceTree = "<group>"; };
		A99C44B924F8E8C600459219 /* ContentView.swift */ = {isa = PBXFileReference; lastKnownFileType = sourcecode.swift; path = ContentView.swift; sourceTree = "<group>"; };
		A99C44BB24F8E8C900459219 /* Assets.xcassets */ = {isa = PBXFileReference; lastKnownFileType = folder.assetcatalog; path = Assets.xcassets; sourceTree = "<group>"; };
		A99C44BE24F8E8C900459219 /* Preview Assets.xcassets */ = {isa = PBXFileReference; lastKnownFileType = folder.assetcatalog; path = "Preview Assets.xcassets"; sourceTree = "<group>"; };
		A99C44C124F8E8CA00459219 /* Base */ = {isa = PBXFileReference; lastKnownFileType = file.storyboard; name = Base; path = Base.lproj/LaunchScreen.storyboard; sourceTree = "<group>"; };
		A99C44C324F8E8CA00459219 /* Info.plist */ = {isa = PBXFileReference; lastKnownFileType = text.plist.xml; path = Info.plist; sourceTree = "<group>"; };
		A99C44C924F98B3800459219 /* GlossaryList.swift */ = {isa = PBXFileReference; lastKnownFileType = sourcecode.swift; path = GlossaryList.swift; sourceTree = "<group>"; };
/* End PBXFileReference section */

/* Begin PBXFrameworksBuildPhase section */
		A99C44AF24F8E8C600459219 /* Frameworks */ = {
			isa = PBXFrameworksBuildPhase;
			buildActionMask = 2147483647;
			files = (
			);
			runOnlyForDeploymentPostprocessing = 0;
		};
/* End PBXFrameworksBuildPhase section */

/* Begin PBXGroup section */
		A99C44A924F8E8C600459219 = {
			isa = PBXGroup;
			children = (
				A99C44B424F8E8C600459219 /* iGlossary */,
				A99C44B324F8E8C600459219 /* Products */,
			);
			sourceTree = "<group>";
		};
		A99C44B324F8E8C600459219 /* Products */ = {
			isa = PBXGroup;
			children = (
				A99C44B224F8E8C600459219 /* iGlossary.app */,
			);
			name = Products;
			sourceTree = "<group>";
		};
		A99C44B424F8E8C600459219 /* iGlossary */ = {
			isa = PBXGroup;
			children = (
				A99C44B524F8E8C600459219 /* AppDelegate.swift */,
				A99C44C924F98B3800459219 /* GlossaryList.swift */,
				A99C44B724F8E8C600459219 /* SceneDelegate.swift */,
				A99C44B924F8E8C600459219 /* ContentView.swift */,
				A99C44BB24F8E8C900459219 /* Assets.xcassets */,
				A99C44C024F8E8CA00459219 /* LaunchScreen.storyboard */,
				A99C44C324F8E8CA00459219 /* Info.plist */,
				A99C44BD24F8E8C900459219 /* Preview Content */,
			);
			path = iGlossary;
			sourceTree = "<group>";
		};
		A99C44BD24F8E8C900459219 /* Preview Content */ = {
			isa = PBXGroup;
			children = (
				A99C44BE24F8E8C900459219 /* Preview Assets.xcassets */,
			);
			path = "Preview Content";
			sourceTree = "<group>";
		};
/* End PBXGroup section */

/* Begin PBXNativeTarget section */
		A99C44B124F8E8C600459219 /* iGlossary */ = {
			isa = PBXNativeTarget;
			buildConfigurationList = A99C44C624F8E8CA00459219 /* Build configuration list for PBXNativeTarget "iGlossary" */;
			buildPhases = (
				A99C44AE24F8E8C600459219 /* Sources */,
				A99C44AF24F8E8C600459219 /* Frameworks */,
				A99C44B024F8E8C600459219 /* Resources */,
			);
			buildRules = (
			);
			dependencies = (
			);
			name = iGlossary;
			productName = iGlossary;
			productReference = A99C44B224F8E8C600459219 /* iGlossary.app */;
			productType = "com.apple.product-type.application";
		};
/* End PBXNativeTarget section */

/* Begin PBXProject section */
		A99C44AA24F8E8C600459219 /* Project object */ = {
			isa = PBXProject;
			attributes = {
				LastSwiftUpdateCheck = 1160;
				LastUpgradeCheck = 1160;
				ORGANIZATIONNAME = "Infinite Learning ADA";
				TargetAttributes = {
					A99C44B124F8E8C600459219 = {
						CreatedOnToolsVersion = 11.6;
					};
				};
			};
			buildConfigurationList = A99C44AD24F8E8C600459219 /* Build configuration list for PBXProject "iGlossary" */;
			compatibilityVersion = "Xcode 9.3";
			developmentRegion = en;
			hasScannedForEncodings = 0;
			knownRegions = (
				en,
				Base,
			);
			mainGroup = A99C44A924F8E8C600459219;
			productRefGroup = A99C44B324F8E8C600459219 /* Products */;
			projectDirPath = "";
			projectRoot = "";
			targets = (
				A99C44B124F8E8C600459219 /* iGlossary */,
			);
		};
/* End PBXProject section */

/* Begin PBXResourcesBuildPhase section */
		A99C44B024F8E8C600459219 /* Resources */ = {
			isa = PBXResourcesBuildPhase;
			buildActionMask = 2147483647;
			files = (
				A99C44C224F8E8CA00459219 /* LaunchScreen.storyboard in Resources */,
				A99C44BF24F8E8C900459219 /* Preview Assets.xcassets in Resources */,
				A99C44BC24F8E8C900459219 /* Assets.xcassets in Resources */,
			);
			runOnlyForDeploymentPostprocessing = 0;
		};
/* End PBXResourcesBuildPhase section */

/* Begin PBXSourcesBuildPhase section */
		A99C44AE24F8E8C600459219 /* Sources */ = {
			isa = PBXSourcesBuildPhase;
			buildActionMask = 2147483647;
			files = (
				A99C44B624F8E8C600459219 /* AppDelegate.swift in Sources */,
				A99C44CA24F98B3800459219 /* GlossaryList.swift in Sources */,
				A99C44B824F8E8C600459219 /* SceneDelegate.swift in Sources */,
				A99C44BA24F8E8C600459219 /* ContentView.swift in Sources */,
			);
			runOnlyForDeploymentPostprocessing = 0;
		};
/* End PBXSourcesBuildPhase section */

/* Begin PBXVariantGroup section */
		A99C44C024F8E8CA00459219 /* LaunchScreen.storyboard */ = {
			isa = PBXVariantGroup;
			children = (
				A99C44C124F8E8CA00459219 /* Base */,
			);
			name = LaunchScreen.storyboard;
			sourceTree = "<group>";
		};
/* End PBXVariantGroup section */

/* Begin XCBuildConfiguration section */
		A99C44C424F8E8CA00459219 /* Debug */ = {
			isa = XCBuildConfiguration;
			buildSettings = {
				ALWAYS_SEARCH_USER_PATHS = NO;
				CLANG_ANALYZER_NONNULL = YES;
				CLANG_ANALYZER_NUMBER_OBJECT_CONVERSION = YES_AGGRESSIVE;
				CLANG_CXX_LANGUAGE_STANDARD = "gnu++14";
				CLANG_CXX_LIBRARY = "libc++";
				CLANG_ENABLE_MODULES = YES;
				CLANG_ENABLE_OBJC_ARC = YES;
				CLANG_ENABLE_OBJC_WEAK = YES;
				CLANG_WARN_BLOCK_CAPTURE_AUTORELEASING = YES;
				CLANG_WARN_BOOL_CONVERSION = YES;
				CLANG_WARN_COMMA = YES;
				CLANG_WARN_CONSTANT_CONVERSION = YES;
				CLANG_WARN_DEPRECATED_OBJC_IMPLEMENTATIONS = YES;
				CLANG_WARN_DIRECT_OBJC_ISA_USAGE = YES_ERROR;
				CLANG_WARN_DOCUMENTATION_COMMENTS = YES;
				CLANG_WARN_EMPTY_BODY = YES;
				CLANG_WARN_ENUM_CONVERSION = YES;
				CLANG_WARN_INFINITE_RECURSION = YES;
				CLANG_WARN_INT_CONVERSION = YES;
				CLANG_WARN_NON_LITERAL_NULL_CONVERSION = YES;
				CLANG_WARN_OBJC_IMPLICIT_RETAIN_SELF = YES;
				CLANG_WARN_OBJC_LITERAL_CONVERSION = YES;
				CLANG_WARN_OBJC_ROOT_CLASS = YES_ERROR;
				CLANG_WARN_RANGE_LOOP_ANALYSIS = YES;
				CLANG_WARN_STRICT_PROTOTYPES = YES;
				CLANG_WARN_SUSPICIOUS_MOVE = YES;
				CLANG_WARN_UNGUARDED_AVAILABILITY = YES_AGGRESSIVE;
				CLANG_WARN_UNREACHABLE_CODE = YES;
				CLANG_WARN__DUPLICATE_METHOD_MATCH = YES;
				COPY_PHASE_STRIP = NO;
				DEBUG_INFORMATION_FORMAT = dwarf;
				ENABLE_STRICT_OBJC_MSGSEND = YES;
				ENABLE_TESTABILITY = YES;
				GCC_C_LANGUAGE_STANDARD = gnu11;
				GCC_DYNAMIC_NO_PIC = NO;
				GCC_NO_COMMON_BLOCKS = YES;
				GCC_OPTIMIZATION_LEVEL = 0;
				GCC_PREPROCESSOR_DEFINITIONS = (
					"DEBUG=1",
					"$(inherited)",
				);
				GCC_WARN_64_TO_32_BIT_CONVERSION = YES;
				GCC_WARN_ABOUT_RETURN_TYPE = YES_ERROR;
				GCC_WARN_UNDECLARED_SELECTOR = YES;
				GCC_WARN_UNINITIALIZED_AUTOS = YES_AGGRESSIVE;
				GCC_WARN_UNUSED_FUNCTION = YES;
				GCC_WARN_UNUSED_VARIABLE = YES;
				IPHONEOS_DEPLOYMENT_TARGET = 13.6;
				MTL_ENABLE_DEBUG_INFO = INCLUDE_SOURCE;
				MTL_FAST_MATH = YES;
				ONLY_ACTIVE_ARCH = YES;
				SDKROOT = iphoneos;
				SWIFT_ACTIVE_COMPILATION_CONDITIONS = DEBUG;
				SWIFT_OPTIMIZATION_LEVEL = "-Onone";
			};
			name = Debug;
		};
		A99C44C524F8E8CA00459219 /* Release */ = {
			isa = XCBuildConfiguration;
			buildSettings = {
				ALWAYS_SEARCH_USER_PATHS = NO;
				CLANG_ANALYZER_NONNULL = YES;
				CLANG_ANALYZER_NUMBER_OBJECT_CONVERSION = YES_AGGRESSIVE;
				CLANG_CXX_LANGUAGE_STANDARD = "gnu++14";
				CLANG_CXX_LIBRARY = "libc++";
				CLANG_ENABLE_MODULES = YES;
				CLANG_ENABLE_OBJC_ARC = YES;
				CLANG_ENABLE_OBJC_WEAK = YES;
				CLANG_WARN_BLOCK_CAPTURE_AUTORELEASING = YES;
				CLANG_WARN_BOOL_CONVERSION = YES;
				CLANG_WARN_COMMA = YES;
				CLANG_WARN_CONSTANT_CONVERSION = YES;
				CLANG_WARN_DEPRECATED_OBJC_IMPLEMENTATIONS = YES;
				CLANG_WARN_DIRECT_OBJC_ISA_USAGE = YES_ERROR;
				CLANG_WARN_DOCUMENTATION_COMMENTS = YES;
				CLANG_WARN_EMPTY_BODY = YES;
				CLANG_WARN_ENUM_CONVERSION = YES;
				CLANG_WARN_INFINITE_RECURSION = YES;
				CLANG_WARN_INT_CONVERSION = YES;
				CLANG_WARN_NON_LITERAL_NULL_CONVERSION = YES;
				CLANG_WARN_OBJC_IMPLICIT_RETAIN_SELF = YES;
				CLANG_WARN_OBJC_LITERAL_CONVERSION = YES;
				CLANG_WARN_OBJC_ROOT_CLASS = YES_ERROR;
				CLANG_WARN_RANGE_LOOP_ANALYSIS = YES;
				CLANG_WARN_STRICT_PROTOTYPES = YES;
				CLANG_WARN_SUSPICIOUS_MOVE = YES;
				CLANG_WARN_UNGUARDED_AVAILABILITY = YES_AGGRESSIVE;
				CLANG_WARN_UNREACHABLE_CODE = YES;
				CLANG_WARN__DUPLICATE_METHOD_MATCH = YES;
				COPY_PHASE_STRIP = NO;
				DEBUG_INFORMATION_FORMAT = "dwarf-with-dsym";
				ENABLE_NS_ASSERTIONS = NO;
				ENABLE_STRICT_OBJC_MSGSEND = YES;
				GCC_C_LANGUAGE_STANDARD = gnu11;
				GCC_NO_COMMON_BLOCKS = YES;
				GCC_WARN_64_TO_32_BIT_CONVERSION = YES;
				GCC_WARN_ABOUT_RETURN_TYPE = YES_ERROR;
				GCC_WARN_UNDECLARED_SELECTOR = YES;
				GCC_WARN_UNINITIALIZED_AUTOS = YES_AGGRESSIVE;
				GCC_WARN_UNUSED_FUNCTION = YES;
				GCC_WARN_UNUSED_VARIABLE = YES;
				IPHONEOS_DEPLOYMENT_TARGET = 13.6;
				MTL_ENABLE_DEBUG_INFO = NO;
				MTL_FAST_MATH = YES;
				SDKROOT = iphoneos;
				SWIFT_COMPILATION_MODE = wholemodule;
				SWIFT_OPTIMIZATION_LEVEL = "-O";
				VALIDATE_PRODUCT = YES;
			};
			name = Release;
		};
		A99C44C724F8E8CA00459219 /* Debug */ = {
			isa = XCBuildConfiguration;
			buildSettings = {
				ASSETCATALOG_COMPILER_APPICON_NAME = AppIcon;
				CODE_SIGN_STYLE = Automatic;
				DEVELOPMENT_ASSET_PATHS = "\"iGlossary/Preview Content\"";
				DEVELOPMENT_TEAM = 223W23NL4Z;
				ENABLE_PREVIEWS = YES;
				INFOPLIST_FILE = iGlossary/Info.plist;
				LD_RUNPATH_SEARCH_PATHS = (
					"$(inherited)",
					"@executable_path/Frameworks",
				);
				PRODUCT_BUNDLE_IDENTIFIER = www.infinitelearning.id.iGlossary;
				PRODUCT_NAME = "$(TARGET_NAME)";
				SWIFT_VERSION = 5.0;
				TARGETED_DEVICE_FAMILY = "1,2";
			};
			name = Debug;
		};
		A99C44C824F8E8CA00459219 /* Release */ = {
			isa = XCBuildConfiguration;
			buildSettings = {
				ASSETCATALOG_COMPILER_APPICON_NAME = AppIcon;
				CODE_SIGN_STYLE = Automatic;
				DEVELOPMENT_ASSET_PATHS = "\"iGlossary/Preview Content\"";
				DEVELOPMENT_TEAM = 223W23NL4Z;
				ENABLE_PREVIEWS = YES;
				INFOPLIST_FILE = iGlossary/Info.plist;
				LD_RUNPATH_SEARCH_PATHS = (
					"$(inherited)",
					"@executable_path/Frameworks",
				);
				PRODUCT_BUNDLE_IDENTIFIER = www.infinitelearning.id.iGlossary;
				PRODUCT_NAME = "$(TARGET_NAME)";
				SWIFT_VERSION = 5.0;
				TARGETED_DEVICE_FAMILY = "1,2";
			};
			name = Release;
		};
/* End XCBuildConfiguration section */

/* Begin XCConfigurationList section */
		A99C44AD24F8E8C600459219 /* Build configuration list for PBXProject "iGlossary" */ = {
			isa = XCConfigurationList;
			buildConfigurations = (
				A99C44C424F8E8CA00459219 /* Debug */,
				A99C44C524F8E8CA00459219 /* Release */,
			);
			defaultConfigurationIsVisible = 0;
			defaultConfigurationName = Release;
		};
		A99C44C624F8E8CA00459219 /* Build configuration list for PBXNativeTarget "iGlossary" */ = {
			isa = XCConfigurationList;
			buildConfigurations = (
				A99C44C724F8E8CA00459219 /* Debug */,
				A99C44C824F8E8CA00459219 /* Release */,
			);
			defaultConfigurationIsVisible = 0;
			defaultConfigurationName = Release;
		};
/* End XCConfigurationList section */
	};
	rootObject = A99C44AA24F8E8C600459219 /* Project object */;
}
